
Microsoft Visual Studio Solution File, Format Version 12.00
# Visual Studio Version 16
VisualStudioVersion = 16.0.30011.22
MinimumVisualStudioVersion = 10.0.40219.1
Project("{FAE04EC0-301F-11D3-BF4B-00C04F79EFBC}") = "Framework", "Framework.csproj", "{07A49D7C-2408-4628-B565-1EE1978D3EEB}"
EndProject
Global
	GlobalSection(SolutionConfigurationPlatforms) = preSolution
		Debug|Any CPU = Debug|Any CPU
		Release|Any CPU = Release|Any CPU
	EndGlobalSection
	GlobalSection(ProjectConfigurationPlatforms) = postSolution
		{07A49D7C-2408-4628-B565-1EE1978D3EEB}.Debug|Any CPU.ActiveCfg = Debug|Any CPU
		{07A49D7C-2408-4628-B565-1EE1978D3EEB}.Debug|Any CPU.Build.0 = Debug|Any CPU
		{07A49D7C-2408-4628-B565-1EE1978D3EEB}.Release|Any CPU.ActiveCfg = Release|Any CPU
		{07A49D7C-2408-4628-B565-1EE1978D3EEB}.Release|Any CPU.Build.0 = Release|Any CPU
	EndGlobalSection
	GlobalSection(SolutionProperties) = preSolution
		HideSolutionNode = FALSE
	EndGlobalSection
	GlobalSection(ExtensibilityGlobals) = postSolution
		SolutionGuid = {2023C228-3118-477D-AA47-9ED090513ADC}
	EndGlobalSection
EndGlobal
